<?xml version="1.0" encoding="utf-8"?>
<Project ToolsVersion="4.0" xmlns="http://schemas.microsoft.com/developer/msbuild/2003">
  <ItemGroup>
    <Filter Include="Source Files">
      <UniqueIdentifier>{4FC737F1-C7A5-4376-A066-2A32D752A2FF}</UniqueIdentifier>
      <Extensions>cpp;c;cc;cxx;def;odl;idl;hpj;bat;asm;asmx</Extensions>
    </Filter>
    <Filter Include="Header Files">
      <UniqueIdentifier>{93995380-89BD-4b04-88EB-625FBE52EBFB}</UniqueIdentifier>
      <Extensions>h;hh;hpp;hxx;hm;inl;inc;xsd</Extensions>
    </Filter>
    <Filter Include="Resource Files">
      <UniqueIdentifier>{67DA6AB6-F800-4c08-8B7A-83BB121AAD01}</UniqueIdentifier>
      <Extensions>rc;ico;cur;bmp;dlg;rc2;rct;bin;rgs;gif;jpg;jpeg;jpe;resx;tiff;tif;png;wav;mfcribbon-ms</Extensions>
    </Filter>
  </ItemGroup>
  <ItemGroup>
    <Text Include="ReadMe.txt" />
  </ItemGroup>
  <ItemGroup>
    <ClInclude Include="planner_prelim.h">
      <Filter>Header Files</Filter>
    </ClInclude>
    <ClInclude Include="stdafx.h">
      <Filter>Header Files</Filter>
    </ClInclude>
    <ClInclude Include="targetver.h">
      <Filter>Header Files</Filter>
    </ClInclude>
    <ClInclude Include="MainFrm.h">
      <Filter>Header Files</Filter>
    </ClInclude>
    <ClInclude Include="plannerDoc.h">
      <Filter>Header Files</Filter>
    </ClInclude>
    <ClInclude Include="planner.h">
      <Filter>Header Files</Filter>
    </ClInclude>
    <ClInclude Include="Resource.h">
      <Filter>Header Files</Filter>
    </ClInclude>
    <ClInclude Include="Month.h">
      <Filter>Header Files</Filter>
    </ClInclude>
    <ClInclude Include="Day.h">
      <Filter>Header Files</Filter>
    </ClInclude>
    <ClInclude Include="LLNode.h">
      <Filter>Header Files</Filter>
    </ClInclude>
    <ClInclude Include="Year.h">
      <Filter>Header Files</Filter>
    </ClInclude>
    <ClInclude Include="PlannerObject.h">
      <Filter>Header Files</Filter>
    </ClInclude>
    <ClInclude Include="LLNode_Year.h">
      <Filter>Header Files</Filter>
    </ClInclude>
    <ClInclude Include="NewPlnDialog.h">
      <Filter>Header Files</Filter>
    </ClInclude>
    <ClInclude Include="ViewBase.h">
      <Filter>Header Files</Filter>
    </ClInclude>
    <ClInclude Include="Row.h">
      <Filter>Header Files</Filter>
    </ClInclude>
    <ClInclude Include="PlannerEvent.h">
      <Filter>Header Files</Filter>
    </ClInclude>
    <ClInclude Include="LLNode_Event.h">
      <Filter>Header Files</Filter>
    </ClInclude>
    <ClInclude Include="DialogAddEvent.h">
      <Filter>Header Files</Filter>
    </ClInclude>
  </ItemGroup>
  <ItemGroup>
    <ClCompile Include="planner_prelim.cpp">
      <Filter>Source Files</Filter>
    </ClCompile>
    <ClCompile Include="stdafx.cpp">
      <Filter>Source Files</Filter>
    </ClCompile>
    <ClCompile Include="MainFrm.cpp">
      <Filter>Source Files</Filter>
    </ClCompile>
    <ClCompile Include="plannerDoc.cpp">
      <Filter>Source Files</Filter>
    </ClCompile>
    <ClCompile Include="plannerView.cpp">
      <Filter>Source Files</Filter>
    </ClCompile>
    <ClCompile Include="PLANNER.CPP">
      <Filter>Source Files</Filter>
    </ClCompile>
    <ClCompile Include="Month.cpp">
      <Filter>Source Files</Filter>
    </ClCompile>
    <ClCompile Include="Day.cpp">
      <Filter>Source Files</Filter>
    </ClCompile>
    <ClCompile Include="LLNode.cpp">
      <Filter>Source Files</Filter>
    </ClCompile>
    <ClCompile Include="Year.cpp">
      <Filter>Source Files</Filter>
    </ClCompile>
    <ClCompile Include="PlannerObject.cpp">
      <Filter>Source Files</Filter>
    </ClCompile>
    <ClCompile Include="LLNode_Year.cpp">
      <Filter>Source Files</Filter>
    </ClCompile>
    <ClCompile Include="NewPlnDialog.cpp">
      <Filter>Source Files</Filter>
    </ClCompile>
    <ClCompile Include="PlannerViewMonthly.cpp">
      <Filter>Source Files</Filter>
    </ClCompile>
    <ClCompile Include="ViewBase.cpp">
      <Filter>Source Files</Filter>
    </ClCompile>
    <ClCompile Include="ViewMonthly.cpp">
      <Filter>Source Files</Filter>
    </ClCompile>
    <ClCompile Include="ViewWeekly.cpp">
      <Filter>Source Files</Filter>
    </ClCompile>
    <ClCompile Include="Row.cpp">
      <Filter>Source Files</Filter>
    </ClCompile>
    <ClCompile Include="PlannerEvent.cpp">
      <Filter>Source Files</Filter>
    </ClCompile>
    <ClCompile Include="LLNode_Event.cpp">
      <Filter>Source Files</Filter>
    </ClCompile>
    <ClCompile Include="DialogAddEvent.cpp">
      <Filter>Source Files</Filter>
    </ClCompile>
    <ClCompile Include="ViewDaily.cpp">
      <Filter>Source Files</Filter>
    </ClCompile>
  </ItemGroup>
  <ItemGroup>
    <None Include="planner_prelim.reg" />
    <None Include="res\planner_prelim.rc2">
      <Filter>Resource Files</Filter>
    </None>
    <None Include="ClassDiagram.cd" />
  </ItemGroup>
  <ItemGroup>
    <ResourceCompile Include="planner_prelim.rc">
      <Filter>Resource Files</Filter>
    </ResourceCompile>
  </ItemGroup>
  <ItemGroup>
    <Image Include="UserImages.bmp">
      <Filter>Resource Files</Filter>
    </Image>
    <Image Include="res\planner_prelimDoc.ico">
      <Filter>Resource Files</Filter>
    </Image>
    <Image Include="res\planner_prelim.ico">
      <Filter>Resource Files</Filter>
    </Image>
    <Image Include="res\Toolbar.bmp">
      <Filter>Resource Files</Filter>
    </Image>
    <Image Include="res\Toolbar256.bmp">
      <Filter>Resource Files</Filter>
    </Image>
    <Image Include="res\icon1.ico">
      <Filter>Resource Files</Filter>
    </Image>
    <Image Include="res\idr_main.ico">
      <Filter>Resource Files</Filter>
    </Image>
    <Image Include="res\icon2.ico">
      <Filter>Resource Files</Filter>
    </Image>
  </ItemGroup>
</Project>